
Microsoft Visual Studio Solution File, Format Version 12.00
# Visual Studio Version 16
VisualStudioVersion = 16.0.30611.23
MinimumVisualStudioVersion = 10.0.40219.1
Project("{9A19103F-16F7-4668-BE54-9A1E7A4F7556}") = "WeatherService.Api", "src\WeatherService.Api\WeatherService.Api.csproj", "{005E02F6-5B03-4A19-AA9F-1AABDD45C761}"
EndProject
Project("{FAE04EC0-301F-11D3-BF4B-00C04F79EFBC}") = "WeatherService.Api.Tests", "tests\WeatherService.Api.Tests\WeatherService.Api.Tests.csproj", "{B889E245-2853-4C4D-BEC6-012FE8704E55}"
EndProject
Global
	GlobalSection(SolutionConfigurationPlatforms) = preSolution
		Debug|Any CPU = Debug|Any CPU
		Release|Any CPU = Release|Any CPU
	EndGlobalSection
	GlobalSection(ProjectConfigurationPlatforms) = postSolution
		{005E02F6-5B03-4A19-AA9F-1AABDD45C761}.Debug|Any CPU.ActiveCfg = Debug|Any CPU
		{005E02F6-5B03-4A19-AA9F-1AABDD45C761}.Debug|Any CPU.Build.0 = Debug|Any CPU
		{005E02F6-5B03-4A19-AA9F-1AABDD45C761}.Release|Any CPU.ActiveCfg = Release|Any CPU
		{005E02F6-5B03-4A19-AA9F-1AABDD45C761}.Release|Any CPU.Build.0 = Release|Any CPU
		{B889E245-2853-4C4D-BEC6-012FE8704E55}.Debug|Any CPU.ActiveCfg = Debug|Any CPU
		{B889E245-2853-4C4D-BEC6-012FE8704E55}.Debug|Any CPU.Build.0 = Debug|Any CPU
		{B889E245-2853-4C4D-BEC6-012FE8704E55}.Release|Any CPU.ActiveCfg = Release|Any CPU
		{B889E245-2853-4C4D-BEC6-012FE8704E55}.Release|Any CPU.Build.0 = Release|Any CPU
	EndGlobalSection
	GlobalSection(SolutionProperties) = preSolution
		HideSolutionNode = FALSE
	EndGlobalSection
	GlobalSection(ExtensibilityGlobals) = postSolution
		SolutionGuid = {99B71E7B-A618-4638-89C5-E69B7665556D}
	EndGlobalSection
EndGlobal
